
Microsoft Visual Studio Solution File, Format Version 12.00
# Visual Studio Version 17
VisualStudioVersion = 17.2.32616.157
MinimumVisualStudioVersion = 10.0.40219.1
Project("{FAE04EC0-301F-11D3-BF4B-00C04F79EFBC}") = "AtividadesIfeElse", "AtividadesIfeElse\AtividadesIfeElse.csproj", "{C418EE3E-7519-436C-91BA-56F972C37CC5}"
EndProject
Project("{FAE04EC0-301F-11D3-BF4B-00C04F79EFBC}") = "Exercicio02", "Exercicio02\Exercicio02.csproj", "{9FCB4D57-0C6B-4B0A-9D75-2062075AA451}"
EndProject
Project("{FAE04EC0-301F-11D3-BF4B-00C04F79EFBC}") = "Exercicio03", "Exercicio03\Exercicio03.csproj", "{0A7A79B0-AC17-406E-AD84-13820D751C7E}"
EndProject
Project("{FAE04EC0-301F-11D3-BF4B-00C04F79EFBC}") = "Exercicio04", "Exercicio04\Exercicio04.csproj", "{084BE594-3E0E-4194-B839-06B8113F832F}"
EndProject
Project("{FAE04EC0-301F-11D3-BF4B-00C04F79EFBC}") = "Ecercicio05", "Ecercicio05\Ecercicio05.csproj", "{F9303176-BDBE-47C5-B5B2-83B80874C833}"
EndProject
Project("{FAE04EC0-301F-11D3-BF4B-00C04F79EFBC}") = "Exercicio06", "Exercicio06\Exercicio06.csproj", "{4AC8F998-A019-4FD0-9823-61ABC2C5D0E5}"
EndProject
Global
	GlobalSection(SolutionConfigurationPlatforms) = preSolution
		Debug|Any CPU = Debug|Any CPU
		Release|Any CPU = Release|Any CPU
	EndGlobalSection
	GlobalSection(ProjectConfigurationPlatforms) = postSolution
		{C418EE3E-7519-436C-91BA-56F972C37CC5}.Debug|Any CPU.ActiveCfg = Debug|Any CPU
		{C418EE3E-7519-436C-91BA-56F972C37CC5}.Debug|Any CPU.Build.0 = Debug|Any CPU
		{C418EE3E-7519-436C-91BA-56F972C37CC5}.Release|Any CPU.ActiveCfg = Release|Any CPU
		{C418EE3E-7519-436C-91BA-56F972C37CC5}.Release|Any CPU.Build.0 = Release|Any CPU
		{9FCB4D57-0C6B-4B0A-9D75-2062075AA451}.Debug|Any CPU.ActiveCfg = Debug|Any CPU
		{9FCB4D57-0C6B-4B0A-9D75-2062075AA451}.Debug|Any CPU.Build.0 = Debug|Any CPU
		{9FCB4D57-0C6B-4B0A-9D75-2062075AA451}.Release|Any CPU.ActiveCfg = Release|Any CPU
		{9FCB4D57-0C6B-4B0A-9D75-2062075AA451}.Release|Any CPU.Build.0 = Release|Any CPU
		{0A7A79B0-AC17-406E-AD84-13820D751C7E}.Debug|Any CPU.ActiveCfg = Debug|Any CPU
		{0A7A79B0-AC17-406E-AD84-13820D751C7E}.Debug|Any CPU.Build.0 = Debug|Any CPU
		{0A7A79B0-AC17-406E-AD84-13820D751C7E}.Release|Any CPU.ActiveCfg = Release|Any CPU
		{0A7A79B0-AC17-406E-AD84-13820D751C7E}.Release|Any CPU.Build.0 = Release|Any CPU
		{084BE594-3E0E-4194-B839-06B8113F832F}.Debug|Any CPU.ActiveCfg = Debug|Any CPU
		{084BE594-3E0E-4194-B839-06B8113F832F}.Debug|Any CPU.Build.0 = Debug|Any CPU
		{084BE594-3E0E-4194-B839-06B8113F832F}.Release|Any CPU.ActiveCfg = Release|Any CPU
		{084BE594-3E0E-4194-B839-06B8113F832F}.Release|Any CPU.Build.0 = Release|Any CPU
		{F9303176-BDBE-47C5-B5B2-83B80874C833}.Debug|Any CPU.ActiveCfg = Debug|Any CPU
		{F9303176-BDBE-47C5-B5B2-83B80874C833}.Debug|Any CPU.Build.0 = Debug|Any CPU
		{F9303176-BDBE-47C5-B5B2-83B80874C833}.Release|Any CPU.ActiveCfg = Release|Any CPU
		{F9303176-BDBE-47C5-B5B2-83B80874C833}.Release|Any CPU.Build.0 = Release|Any CPU
		{4AC8F998-A019-4FD0-9823-61ABC2C5D0E5}.Debug|Any CPU.ActiveCfg = Debug|Any CPU
		{4AC8F998-A019-4FD0-9823-61ABC2C5D0E5}.Debug|Any CPU.Build.0 = Debug|Any CPU
		{4AC8F998-A019-4FD0-9823-61ABC2C5D0E5}.Release|Any CPU.ActiveCfg = Release|Any CPU
		{4AC8F998-A019-4FD0-9823-61ABC2C5D0E5}.Release|Any CPU.Build.0 = Release|Any CPU
	EndGlobalSection
	GlobalSection(SolutionProperties) = preSolution
		HideSolutionNode = FALSE
	EndGlobalSection
	GlobalSection(ExtensibilityGlobals) = postSolution
		SolutionGuid = {B04E218D-3C0C-4AD6-8770-813A17FE19DD}
	EndGlobalSection
EndGlobal
